
Microsoft Visual Studio Solution File, Format Version 12.00
# Visual Studio Version 17
VisualStudioVersion = 17.8.34212.112
MinimumVisualStudioVersion = 10.0.40219.1
Project("{FAE04EC0-301F-11D3-BF4B-00C04F79EFBC}") = "mantıksal operatörler  örnek1 veya", "mantıksal operatörler  örnek1 veya\mantıksal operatörler  örnek1 veya.csproj", "{C748BC14-D0CC-4D64-B153-CA1E06B204C3}"
EndProject
Global
	GlobalSection(SolutionConfigurationPlatforms) = preSolution
		Debug|Any CPU = Debug|Any CPU
		Release|Any CPU = Release|Any CPU
	EndGlobalSection
	GlobalSection(ProjectConfigurationPlatforms) = postSolution
		{C748BC14-D0CC-4D64-B153-CA1E06B204C3}.Debug|Any CPU.ActiveCfg = Debug|Any CPU
		{C748BC14-D0CC-4D64-B153-CA1E06B204C3}.Debug|Any CPU.Build.0 = Debug|Any CPU
		{C748BC14-D0CC-4D64-B153-CA1E06B204C3}.Release|Any CPU.ActiveCfg = Release|Any CPU
		{C748BC14-D0CC-4D64-B153-CA1E06B204C3}.Release|Any CPU.Build.0 = Release|Any CPU
	EndGlobalSection
	GlobalSection(SolutionProperties) = preSolution
		HideSolutionNode = FALSE
	EndGlobalSection
	GlobalSection(ExtensibilityGlobals) = postSolution
		SolutionGuid = {FCC18B34-EC64-474A-9D23-7BEEBC750059}
	EndGlobalSection
EndGlobal
