
Microsoft Visual Studio Solution File, Format Version 12.00
# Visual Studio Version 17
VisualStudioVersion = 17.8.34212.112
MinimumVisualStudioVersion = 10.0.40219.1
Project("{FAE04EC0-301F-11D3-BF4B-00C04F79EFBC}") = "ıf else kontrol yapısı", "ıf else kontrol yapısı\ıf else kontrol yapısı.csproj", "{C5219272-8D1D-41D3-B388-D57D2764865C}"
EndProject
Global
	GlobalSection(SolutionConfigurationPlatforms) = preSolution
		Debug|Any CPU = Debug|Any CPU
		Release|Any CPU = Release|Any CPU
	EndGlobalSection
	GlobalSection(ProjectConfigurationPlatforms) = postSolution
		{C5219272-8D1D-41D3-B388-D57D2764865C}.Debug|Any CPU.ActiveCfg = Debug|Any CPU
		{C5219272-8D1D-41D3-B388-D57D2764865C}.Debug|Any CPU.Build.0 = Debug|Any CPU
		{C5219272-8D1D-41D3-B388-D57D2764865C}.Release|Any CPU.ActiveCfg = Release|Any CPU
		{C5219272-8D1D-41D3-B388-D57D2764865C}.Release|Any CPU.Build.0 = Release|Any CPU
	EndGlobalSection
	GlobalSection(SolutionProperties) = preSolution
		HideSolutionNode = FALSE
	EndGlobalSection
	GlobalSection(ExtensibilityGlobals) = postSolution
		SolutionGuid = {599770AE-0B66-4FFB-992E-83F80A9D7894}
	EndGlobalSection
EndGlobal
