
Microsoft Visual Studio Solution File, Format Version 12.00
# Visual Studio Version 17
VisualStudioVersion = 17.8.34212.112
MinimumVisualStudioVersion = 10.0.40219.1
Project("{FAE04EC0-301F-11D3-BF4B-00C04F79EFBC}") = "do while ile eşkenar üçgen oluşturma", "do while ile eşkenar üçgen oluşturma\do while ile eşkenar üçgen oluşturma.csproj", "{76742FA7-340F-4AA5-86A6-815B9C63B416}"
EndProject
Global
	GlobalSection(SolutionConfigurationPlatforms) = preSolution
		Debug|Any CPU = Debug|Any CPU
		Release|Any CPU = Release|Any CPU
	EndGlobalSection
	GlobalSection(ProjectConfigurationPlatforms) = postSolution
		{76742FA7-340F-4AA5-86A6-815B9C63B416}.Debug|Any CPU.ActiveCfg = Debug|Any CPU
		{76742FA7-340F-4AA5-86A6-815B9C63B416}.Debug|Any CPU.Build.0 = Debug|Any CPU
		{76742FA7-340F-4AA5-86A6-815B9C63B416}.Release|Any CPU.ActiveCfg = Release|Any CPU
		{76742FA7-340F-4AA5-86A6-815B9C63B416}.Release|Any CPU.Build.0 = Release|Any CPU
	EndGlobalSection
	GlobalSection(SolutionProperties) = preSolution
		HideSolutionNode = FALSE
	EndGlobalSection
	GlobalSection(ExtensibilityGlobals) = postSolution
		SolutionGuid = {676FD55E-3360-4309-AED8-6E2560455EBA}
	EndGlobalSection
EndGlobal
