
Microsoft Visual Studio Solution File, Format Version 12.00
# Visual Studio Version 17
VisualStudioVersion = 17.8.34212.112
MinimumVisualStudioVersion = 10.0.40219.1
Project("{FAE04EC0-301F-11D3-BF4B-00C04F79EFBC}") = "for döngüsü iminde veri girişi örneği", "for döngüsü iminde veri girişi örneği\for döngüsü iminde veri girişi örneği.csproj", "{B819561B-0B09-4DC2-8BE1-F51BED4E8C29}"
EndProject
Global
	GlobalSection(SolutionConfigurationPlatforms) = preSolution
		Debug|Any CPU = Debug|Any CPU
		Release|Any CPU = Release|Any CPU
	EndGlobalSection
	GlobalSection(ProjectConfigurationPlatforms) = postSolution
		{B819561B-0B09-4DC2-8BE1-F51BED4E8C29}.Debug|Any CPU.ActiveCfg = Debug|Any CPU
		{B819561B-0B09-4DC2-8BE1-F51BED4E8C29}.Debug|Any CPU.Build.0 = Debug|Any CPU
		{B819561B-0B09-4DC2-8BE1-F51BED4E8C29}.Release|Any CPU.ActiveCfg = Release|Any CPU
		{B819561B-0B09-4DC2-8BE1-F51BED4E8C29}.Release|Any CPU.Build.0 = Release|Any CPU
	EndGlobalSection
	GlobalSection(SolutionProperties) = preSolution
		HideSolutionNode = FALSE
	EndGlobalSection
	GlobalSection(ExtensibilityGlobals) = postSolution
		SolutionGuid = {5E100A19-608C-4594-ADE7-B037599C2AF9}
	EndGlobalSection
EndGlobal
