
Microsoft Visual Studio Solution File, Format Version 12.00
# Visual Studio Version 17
VisualStudioVersion = 17.8.34212.112
MinimumVisualStudioVersion = 10.0.40219.1
Project("{FAE04EC0-301F-11D3-BF4B-00C04F79EFBC}") = "while uygulama egzersizi2", "while uygulama egzersizi2\while uygulama egzersizi2.csproj", "{B7C28E08-6554-4754-BD41-04783E9418BB}"
EndProject
Global
	GlobalSection(SolutionConfigurationPlatforms) = preSolution
		Debug|Any CPU = Debug|Any CPU
		Release|Any CPU = Release|Any CPU
	EndGlobalSection
	GlobalSection(ProjectConfigurationPlatforms) = postSolution
		{B7C28E08-6554-4754-BD41-04783E9418BB}.Debug|Any CPU.ActiveCfg = Debug|Any CPU
		{B7C28E08-6554-4754-BD41-04783E9418BB}.Debug|Any CPU.Build.0 = Debug|Any CPU
		{B7C28E08-6554-4754-BD41-04783E9418BB}.Release|Any CPU.ActiveCfg = Release|Any CPU
		{B7C28E08-6554-4754-BD41-04783E9418BB}.Release|Any CPU.Build.0 = Release|Any CPU
	EndGlobalSection
	GlobalSection(SolutionProperties) = preSolution
		HideSolutionNode = FALSE
	EndGlobalSection
	GlobalSection(ExtensibilityGlobals) = postSolution
		SolutionGuid = {D89F449C-1634-40D2-9CA8-26805C4606E3}
	EndGlobalSection
EndGlobal
