
Microsoft Visual Studio Solution File, Format Version 12.00
# Visual Studio Version 17
VisualStudioVersion = 17.8.34212.112
MinimumVisualStudioVersion = 10.0.40219.1
Project("{FAE04EC0-301F-11D3-BF4B-00C04F79EFBC}") = "örnek 3 convert.toınt16", "örnek 3 convert.toınt16\örnek 3 convert.toınt16.csproj", "{F33BBD6D-36EE-4668-ABD4-E19D82DA086C}"
EndProject
Global
	GlobalSection(SolutionConfigurationPlatforms) = preSolution
		Debug|Any CPU = Debug|Any CPU
		Release|Any CPU = Release|Any CPU
	EndGlobalSection
	GlobalSection(ProjectConfigurationPlatforms) = postSolution
		{F33BBD6D-36EE-4668-ABD4-E19D82DA086C}.Debug|Any CPU.ActiveCfg = Debug|Any CPU
		{F33BBD6D-36EE-4668-ABD4-E19D82DA086C}.Debug|Any CPU.Build.0 = Debug|Any CPU
		{F33BBD6D-36EE-4668-ABD4-E19D82DA086C}.Release|Any CPU.ActiveCfg = Release|Any CPU
		{F33BBD6D-36EE-4668-ABD4-E19D82DA086C}.Release|Any CPU.Build.0 = Release|Any CPU
	EndGlobalSection
	GlobalSection(SolutionProperties) = preSolution
		HideSolutionNode = FALSE
	EndGlobalSection
	GlobalSection(ExtensibilityGlobals) = postSolution
		SolutionGuid = {F4F57635-9012-437D-933C-4060F88BD86D}
	EndGlobalSection
EndGlobal
