
Microsoft Visual Studio Solution File, Format Version 12.00
# Visual Studio Version 17
VisualStudioVersion = 17.8.34212.112
MinimumVisualStudioVersion = 10.0.40219.1
Project("{FAE04EC0-301F-11D3-BF4B-00C04F79EFBC}") = "switch case otomobil markası kıyaslama", "switch case otomobil markası kıyaslama\switch case otomobil markası kıyaslama.csproj", "{B1211F2D-B50A-4521-BE3F-1C3CD51F226D}"
EndProject
Global
	GlobalSection(SolutionConfigurationPlatforms) = preSolution
		Debug|Any CPU = Debug|Any CPU
		Release|Any CPU = Release|Any CPU
	EndGlobalSection
	GlobalSection(ProjectConfigurationPlatforms) = postSolution
		{B1211F2D-B50A-4521-BE3F-1C3CD51F226D}.Debug|Any CPU.ActiveCfg = Debug|Any CPU
		{B1211F2D-B50A-4521-BE3F-1C3CD51F226D}.Debug|Any CPU.Build.0 = Debug|Any CPU
		{B1211F2D-B50A-4521-BE3F-1C3CD51F226D}.Release|Any CPU.ActiveCfg = Release|Any CPU
		{B1211F2D-B50A-4521-BE3F-1C3CD51F226D}.Release|Any CPU.Build.0 = Release|Any CPU
	EndGlobalSection
	GlobalSection(SolutionProperties) = preSolution
		HideSolutionNode = FALSE
	EndGlobalSection
	GlobalSection(ExtensibilityGlobals) = postSolution
		SolutionGuid = {1FD19824-1B1E-4010-88EA-641B659ECC01}
	EndGlobalSection
EndGlobal
