
Microsoft Visual Studio Solution File, Format Version 12.00
# Visual Studio Version 17
VisualStudioVersion = 17.8.34212.112
MinimumVisualStudioVersion = 10.0.40219.1
Project("{FAE04EC0-301F-11D3-BF4B-00C04F79EFBC}") = "düzensiz diziler örnek", "düzensiz diziler örnek\düzensiz diziler örnek.csproj", "{624DA77E-9FD9-4955-80F2-034F446D5CE5}"
EndProject
Global
	GlobalSection(SolutionConfigurationPlatforms) = preSolution
		Debug|Any CPU = Debug|Any CPU
		Release|Any CPU = Release|Any CPU
	EndGlobalSection
	GlobalSection(ProjectConfigurationPlatforms) = postSolution
		{624DA77E-9FD9-4955-80F2-034F446D5CE5}.Debug|Any CPU.ActiveCfg = Debug|Any CPU
		{624DA77E-9FD9-4955-80F2-034F446D5CE5}.Debug|Any CPU.Build.0 = Debug|Any CPU
		{624DA77E-9FD9-4955-80F2-034F446D5CE5}.Release|Any CPU.ActiveCfg = Release|Any CPU
		{624DA77E-9FD9-4955-80F2-034F446D5CE5}.Release|Any CPU.Build.0 = Release|Any CPU
	EndGlobalSection
	GlobalSection(SolutionProperties) = preSolution
		HideSolutionNode = FALSE
	EndGlobalSection
	GlobalSection(ExtensibilityGlobals) = postSolution
		SolutionGuid = {8120386E-F2BE-4F8F-9E6E-DBF54657C215}
	EndGlobalSection
EndGlobal
