
Microsoft Visual Studio Solution File, Format Version 12.00
# Visual Studio Version 17
VisualStudioVersion = 17.8.34212.112
MinimumVisualStudioVersion = 10.0.40219.1
Project("{FAE04EC0-301F-11D3-BF4B-00C04F79EFBC}") = "for döngüsü boş bırakılan parametre örneği", "for döngüsü boş bırakılan parametre örneği\for döngüsü boş bırakılan parametre örneği.csproj", "{3E23BB49-90BF-4023-AD9A-0F5F2E02278B}"
EndProject
Global
	GlobalSection(SolutionConfigurationPlatforms) = preSolution
		Debug|Any CPU = Debug|Any CPU
		Release|Any CPU = Release|Any CPU
	EndGlobalSection
	GlobalSection(ProjectConfigurationPlatforms) = postSolution
		{3E23BB49-90BF-4023-AD9A-0F5F2E02278B}.Debug|Any CPU.ActiveCfg = Debug|Any CPU
		{3E23BB49-90BF-4023-AD9A-0F5F2E02278B}.Debug|Any CPU.Build.0 = Debug|Any CPU
		{3E23BB49-90BF-4023-AD9A-0F5F2E02278B}.Release|Any CPU.ActiveCfg = Release|Any CPU
		{3E23BB49-90BF-4023-AD9A-0F5F2E02278B}.Release|Any CPU.Build.0 = Release|Any CPU
	EndGlobalSection
	GlobalSection(SolutionProperties) = preSolution
		HideSolutionNode = FALSE
	EndGlobalSection
	GlobalSection(ExtensibilityGlobals) = postSolution
		SolutionGuid = {22435856-7D8C-403D-BB8C-73828B6C9263}
	EndGlobalSection
EndGlobal
