
Microsoft Visual Studio Solution File, Format Version 12.00
# Visual Studio Version 17
VisualStudioVersion = 17.8.34212.112
MinimumVisualStudioVersion = 10.0.40219.1
Project("{FAE04EC0-301F-11D3-BF4B-00C04F79EFBC}") = "atama operatörleri örnek1", "atama operatörleri örnek1\atama operatörleri örnek1.csproj", "{2B346185-8EC3-42E5-807F-BEA881EC5CB6}"
EndProject
Global
	GlobalSection(SolutionConfigurationPlatforms) = preSolution
		Debug|Any CPU = Debug|Any CPU
		Release|Any CPU = Release|Any CPU
	EndGlobalSection
	GlobalSection(ProjectConfigurationPlatforms) = postSolution
		{2B346185-8EC3-42E5-807F-BEA881EC5CB6}.Debug|Any CPU.ActiveCfg = Debug|Any CPU
		{2B346185-8EC3-42E5-807F-BEA881EC5CB6}.Debug|Any CPU.Build.0 = Debug|Any CPU
		{2B346185-8EC3-42E5-807F-BEA881EC5CB6}.Release|Any CPU.ActiveCfg = Release|Any CPU
		{2B346185-8EC3-42E5-807F-BEA881EC5CB6}.Release|Any CPU.Build.0 = Release|Any CPU
	EndGlobalSection
	GlobalSection(SolutionProperties) = preSolution
		HideSolutionNode = FALSE
	EndGlobalSection
	GlobalSection(ExtensibilityGlobals) = postSolution
		SolutionGuid = {272C68FE-DAA8-4B1F-A7F3-14E831581D60}
	EndGlobalSection
EndGlobal
