
Microsoft Visual Studio Solution File, Format Version 12.00
# Visual Studio Version 17
VisualStudioVersion = 17.8.34212.112
MinimumVisualStudioVersion = 10.0.40219.1
Project("{FAE04EC0-301F-11D3-BF4B-00C04F79EFBC}") = "içiçe if else örnek1 ücgenin çeşidi", "içiçe if else örnek1 ücgenin çeşidi\içiçe if else örnek1 ücgenin çeşidi.csproj", "{65401C1B-9200-4F0D-9110-B0BD4F4BED05}"
EndProject
Global
	GlobalSection(SolutionConfigurationPlatforms) = preSolution
		Debug|Any CPU = Debug|Any CPU
		Release|Any CPU = Release|Any CPU
	EndGlobalSection
	GlobalSection(ProjectConfigurationPlatforms) = postSolution
		{65401C1B-9200-4F0D-9110-B0BD4F4BED05}.Debug|Any CPU.ActiveCfg = Debug|Any CPU
		{65401C1B-9200-4F0D-9110-B0BD4F4BED05}.Debug|Any CPU.Build.0 = Debug|Any CPU
		{65401C1B-9200-4F0D-9110-B0BD4F4BED05}.Release|Any CPU.ActiveCfg = Release|Any CPU
		{65401C1B-9200-4F0D-9110-B0BD4F4BED05}.Release|Any CPU.Build.0 = Release|Any CPU
	EndGlobalSection
	GlobalSection(SolutionProperties) = preSolution
		HideSolutionNode = FALSE
	EndGlobalSection
	GlobalSection(ExtensibilityGlobals) = postSolution
		SolutionGuid = {5D9C1ACE-30AF-4F61-BBEE-CED6DE4A35AC}
	EndGlobalSection
EndGlobal
