
Microsoft Visual Studio Solution File, Format Version 12.00
# Visual Studio Version 17
VisualStudioVersion = 17.8.34212.112
MinimumVisualStudioVersion = 10.0.40219.1
Project("{FAE04EC0-301F-11D3-BF4B-00C04F79EFBC}") = "mantıksal operaötler değil(not) örnek1", "mantıksal operaötler değil(not) örnek1\mantıksal operaötler değil(not) örnek1.csproj", "{D0C70F95-A2A3-4972-BDD8-9D81B08CD20B}"
EndProject
Global
	GlobalSection(SolutionConfigurationPlatforms) = preSolution
		Debug|Any CPU = Debug|Any CPU
		Release|Any CPU = Release|Any CPU
	EndGlobalSection
	GlobalSection(ProjectConfigurationPlatforms) = postSolution
		{D0C70F95-A2A3-4972-BDD8-9D81B08CD20B}.Debug|Any CPU.ActiveCfg = Debug|Any CPU
		{D0C70F95-A2A3-4972-BDD8-9D81B08CD20B}.Debug|Any CPU.Build.0 = Debug|Any CPU
		{D0C70F95-A2A3-4972-BDD8-9D81B08CD20B}.Release|Any CPU.ActiveCfg = Release|Any CPU
		{D0C70F95-A2A3-4972-BDD8-9D81B08CD20B}.Release|Any CPU.Build.0 = Release|Any CPU
	EndGlobalSection
	GlobalSection(SolutionProperties) = preSolution
		HideSolutionNode = FALSE
	EndGlobalSection
	GlobalSection(ExtensibilityGlobals) = postSolution
		SolutionGuid = {BD357F82-3DF3-48B6-A5F7-164F652C6D58}
	EndGlobalSection
EndGlobal
