
Microsoft Visual Studio Solution File, Format Version 12.00
# Visual Studio Version 17
VisualStudioVersion = 17.8.34212.112
MinimumVisualStudioVersion = 10.0.40219.1
Project("{FAE04EC0-301F-11D3-BF4B-00C04F79EFBC}") = "aritmetik operatörler örnek1", "aritmetik operatörler örnek1\aritmetik operatörler örnek1.csproj", "{84DFB0F3-15CE-45C2-A165-EF83EFE493AE}"
EndProject
Global
	GlobalSection(SolutionConfigurationPlatforms) = preSolution
		Debug|Any CPU = Debug|Any CPU
		Release|Any CPU = Release|Any CPU
	EndGlobalSection
	GlobalSection(ProjectConfigurationPlatforms) = postSolution
		{84DFB0F3-15CE-45C2-A165-EF83EFE493AE}.Debug|Any CPU.ActiveCfg = Debug|Any CPU
		{84DFB0F3-15CE-45C2-A165-EF83EFE493AE}.Debug|Any CPU.Build.0 = Debug|Any CPU
		{84DFB0F3-15CE-45C2-A165-EF83EFE493AE}.Release|Any CPU.ActiveCfg = Release|Any CPU
		{84DFB0F3-15CE-45C2-A165-EF83EFE493AE}.Release|Any CPU.Build.0 = Release|Any CPU
	EndGlobalSection
	GlobalSection(SolutionProperties) = preSolution
		HideSolutionNode = FALSE
	EndGlobalSection
	GlobalSection(ExtensibilityGlobals) = postSolution
		SolutionGuid = {79B2DA7D-1F52-4EE4-B397-2027A03D5F64}
	EndGlobalSection
EndGlobal
