
Microsoft Visual Studio Solution File, Format Version 12.00
# Visual Studio Version 17
VisualStudioVersion = 17.8.34212.112
MinimumVisualStudioVersion = 10.0.40219.1
Project("{FAE04EC0-301F-11D3-BF4B-00C04F79EFBC}") = "system.arrays örnek1", "system.arrays örnek1\system.arrays örnek1.csproj", "{708EF4A2-BEB8-473A-9FB0-0DC6EDDAF7B7}"
EndProject
Global
	GlobalSection(SolutionConfigurationPlatforms) = preSolution
		Debug|Any CPU = Debug|Any CPU
		Release|Any CPU = Release|Any CPU
	EndGlobalSection
	GlobalSection(ProjectConfigurationPlatforms) = postSolution
		{708EF4A2-BEB8-473A-9FB0-0DC6EDDAF7B7}.Debug|Any CPU.ActiveCfg = Debug|Any CPU
		{708EF4A2-BEB8-473A-9FB0-0DC6EDDAF7B7}.Debug|Any CPU.Build.0 = Debug|Any CPU
		{708EF4A2-BEB8-473A-9FB0-0DC6EDDAF7B7}.Release|Any CPU.ActiveCfg = Release|Any CPU
		{708EF4A2-BEB8-473A-9FB0-0DC6EDDAF7B7}.Release|Any CPU.Build.0 = Release|Any CPU
	EndGlobalSection
	GlobalSection(SolutionProperties) = preSolution
		HideSolutionNode = FALSE
	EndGlobalSection
	GlobalSection(ExtensibilityGlobals) = postSolution
		SolutionGuid = {1FC2C297-3E00-44BD-877A-CF527960DF74}
	EndGlobalSection
EndGlobal
