
Microsoft Visual Studio Solution File, Format Version 12.00
# Visual Studio Version 17
VisualStudioVersion = 17.8.34212.112
MinimumVisualStudioVersion = 10.0.40219.1
Project("{FAE04EC0-301F-11D3-BF4B-00C04F79EFBC}") = "büyükten küçüğe tğr dönüşümü ondalıklı örnek2", "büyükten küçüğe tğr dönüşümü ondalıklı örnek2\büyükten küçüğe tğr dönüşümü ondalıklı örnek2.csproj", "{D98D6D7B-C707-4CBD-B862-2A3D378FC043}"
EndProject
Global
	GlobalSection(SolutionConfigurationPlatforms) = preSolution
		Debug|Any CPU = Debug|Any CPU
		Release|Any CPU = Release|Any CPU
	EndGlobalSection
	GlobalSection(ProjectConfigurationPlatforms) = postSolution
		{D98D6D7B-C707-4CBD-B862-2A3D378FC043}.Debug|Any CPU.ActiveCfg = Debug|Any CPU
		{D98D6D7B-C707-4CBD-B862-2A3D378FC043}.Debug|Any CPU.Build.0 = Debug|Any CPU
		{D98D6D7B-C707-4CBD-B862-2A3D378FC043}.Release|Any CPU.ActiveCfg = Release|Any CPU
		{D98D6D7B-C707-4CBD-B862-2A3D378FC043}.Release|Any CPU.Build.0 = Release|Any CPU
	EndGlobalSection
	GlobalSection(SolutionProperties) = preSolution
		HideSolutionNode = FALSE
	EndGlobalSection
	GlobalSection(ExtensibilityGlobals) = postSolution
		SolutionGuid = {5314A9D8-EBBB-4CA9-9C1B-B9C72C461DD2}
	EndGlobalSection
EndGlobal
