
Microsoft Visual Studio Solution File, Format Version 12.00
# Visual Studio Version 17
VisualStudioVersion = 17.8.34212.112
MinimumVisualStudioVersion = 10.0.40219.1
Project("{FAE04EC0-301F-11D3-BF4B-00C04F79EFBC}") = "silindirin hacmini hesaplama", "silindirin hacmini hesaplama\silindirin hacmini hesaplama.csproj", "{D8873C0D-A13C-438F-8444-8C3DD8F67B11}"
EndProject
Global
	GlobalSection(SolutionConfigurationPlatforms) = preSolution
		Debug|Any CPU = Debug|Any CPU
		Release|Any CPU = Release|Any CPU
	EndGlobalSection
	GlobalSection(ProjectConfigurationPlatforms) = postSolution
		{D8873C0D-A13C-438F-8444-8C3DD8F67B11}.Debug|Any CPU.ActiveCfg = Debug|Any CPU
		{D8873C0D-A13C-438F-8444-8C3DD8F67B11}.Debug|Any CPU.Build.0 = Debug|Any CPU
		{D8873C0D-A13C-438F-8444-8C3DD8F67B11}.Release|Any CPU.ActiveCfg = Release|Any CPU
		{D8873C0D-A13C-438F-8444-8C3DD8F67B11}.Release|Any CPU.Build.0 = Release|Any CPU
	EndGlobalSection
	GlobalSection(SolutionProperties) = preSolution
		HideSolutionNode = FALSE
	EndGlobalSection
	GlobalSection(ExtensibilityGlobals) = postSolution
		SolutionGuid = {2429D192-D8D2-4861-9A3E-B3C1A4D90044}
	EndGlobalSection
EndGlobal
