
Microsoft Visual Studio Solution File, Format Version 12.00
# Visual Studio Version 17
VisualStudioVersion = 17.8.34212.112
MinimumVisualStudioVersion = 10.0.40219.1
Project("{FAE04EC0-301F-11D3-BF4B-00C04F79EFBC}") = "switch case ve if ile sinema bileti satış sistemi", "switch case ve if ile sinema bileti satış sistemi\switch case ve if ile sinema bileti satış sistemi.csproj", "{78D930A0-DC84-47F5-80B8-E9B6BC8A2DE9}"
EndProject
Global
	GlobalSection(SolutionConfigurationPlatforms) = preSolution
		Debug|Any CPU = Debug|Any CPU
		Release|Any CPU = Release|Any CPU
	EndGlobalSection
	GlobalSection(ProjectConfigurationPlatforms) = postSolution
		{78D930A0-DC84-47F5-80B8-E9B6BC8A2DE9}.Debug|Any CPU.ActiveCfg = Debug|Any CPU
		{78D930A0-DC84-47F5-80B8-E9B6BC8A2DE9}.Debug|Any CPU.Build.0 = Debug|Any CPU
		{78D930A0-DC84-47F5-80B8-E9B6BC8A2DE9}.Release|Any CPU.ActiveCfg = Release|Any CPU
		{78D930A0-DC84-47F5-80B8-E9B6BC8A2DE9}.Release|Any CPU.Build.0 = Release|Any CPU
	EndGlobalSection
	GlobalSection(SolutionProperties) = preSolution
		HideSolutionNode = FALSE
	EndGlobalSection
	GlobalSection(ExtensibilityGlobals) = postSolution
		SolutionGuid = {455ABEB9-F10C-4759-A928-23EF45A2F401}
	EndGlobalSection
EndGlobal
