
Microsoft Visual Studio Solution File, Format Version 12.00
# Visual Studio Version 17
VisualStudioVersion = 17.8.34212.112
MinimumVisualStudioVersion = 10.0.40219.1
Project("{FAE04EC0-301F-11D3-BF4B-00C04F79EFBC}") = "for döngüsü egezersiz4", "for döngüsü egezersiz4\for döngüsü egezersiz4.csproj", "{35FE0323-4944-49DC-B767-99CE419AF640}"
EndProject
Global
	GlobalSection(SolutionConfigurationPlatforms) = preSolution
		Debug|Any CPU = Debug|Any CPU
		Release|Any CPU = Release|Any CPU
	EndGlobalSection
	GlobalSection(ProjectConfigurationPlatforms) = postSolution
		{35FE0323-4944-49DC-B767-99CE419AF640}.Debug|Any CPU.ActiveCfg = Debug|Any CPU
		{35FE0323-4944-49DC-B767-99CE419AF640}.Debug|Any CPU.Build.0 = Debug|Any CPU
		{35FE0323-4944-49DC-B767-99CE419AF640}.Release|Any CPU.ActiveCfg = Release|Any CPU
		{35FE0323-4944-49DC-B767-99CE419AF640}.Release|Any CPU.Build.0 = Release|Any CPU
	EndGlobalSection
	GlobalSection(SolutionProperties) = preSolution
		HideSolutionNode = FALSE
	EndGlobalSection
	GlobalSection(ExtensibilityGlobals) = postSolution
		SolutionGuid = {A447BDC4-11EA-4EAF-AF1E-0951DEE3F416}
	EndGlobalSection
EndGlobal
