
Microsoft Visual Studio Solution File, Format Version 12.00
# Visual Studio Version 17
VisualStudioVersion = 17.8.34212.112
MinimumVisualStudioVersion = 10.0.40219.1
Project("{FAE04EC0-301F-11D3-BF4B-00C04F79EFBC}") = "büyük türün küçüğe dönüşümü örnek1", "büyük türün küçüğe dönüşümü örnek1\büyük türün küçüğe dönüşümü örnek1.csproj", "{1E217192-716A-4BF5-836A-51D0D2CD2B68}"
EndProject
Global
	GlobalSection(SolutionConfigurationPlatforms) = preSolution
		Debug|Any CPU = Debug|Any CPU
		Release|Any CPU = Release|Any CPU
	EndGlobalSection
	GlobalSection(ProjectConfigurationPlatforms) = postSolution
		{1E217192-716A-4BF5-836A-51D0D2CD2B68}.Debug|Any CPU.ActiveCfg = Debug|Any CPU
		{1E217192-716A-4BF5-836A-51D0D2CD2B68}.Debug|Any CPU.Build.0 = Debug|Any CPU
		{1E217192-716A-4BF5-836A-51D0D2CD2B68}.Release|Any CPU.ActiveCfg = Release|Any CPU
		{1E217192-716A-4BF5-836A-51D0D2CD2B68}.Release|Any CPU.Build.0 = Release|Any CPU
	EndGlobalSection
	GlobalSection(SolutionProperties) = preSolution
		HideSolutionNode = FALSE
	EndGlobalSection
	GlobalSection(ExtensibilityGlobals) = postSolution
		SolutionGuid = {DC3CEA32-72AD-46BF-BA39-67F1E65C9FF7}
	EndGlobalSection
EndGlobal
