
Microsoft Visual Studio Solution File, Format Version 12.00
# Visual Studio Version 17
VisualStudioVersion = 17.8.34212.112
MinimumVisualStudioVersion = 10.0.40219.1
Project("{FAE04EC0-301F-11D3-BF4B-00C04F79EFBC}") = "for dögüsü egzersiz2", "for dögüsü egzersiz2\for dögüsü egzersiz2.csproj", "{45250717-7B93-4A80-8429-CE34FF5E0E3A}"
EndProject
Global
	GlobalSection(SolutionConfigurationPlatforms) = preSolution
		Debug|Any CPU = Debug|Any CPU
		Release|Any CPU = Release|Any CPU
	EndGlobalSection
	GlobalSection(ProjectConfigurationPlatforms) = postSolution
		{45250717-7B93-4A80-8429-CE34FF5E0E3A}.Debug|Any CPU.ActiveCfg = Debug|Any CPU
		{45250717-7B93-4A80-8429-CE34FF5E0E3A}.Debug|Any CPU.Build.0 = Debug|Any CPU
		{45250717-7B93-4A80-8429-CE34FF5E0E3A}.Release|Any CPU.ActiveCfg = Release|Any CPU
		{45250717-7B93-4A80-8429-CE34FF5E0E3A}.Release|Any CPU.Build.0 = Release|Any CPU
	EndGlobalSection
	GlobalSection(SolutionProperties) = preSolution
		HideSolutionNode = FALSE
	EndGlobalSection
	GlobalSection(ExtensibilityGlobals) = postSolution
		SolutionGuid = {EC301967-81C4-4AFC-A7DB-65C6A3F77031}
	EndGlobalSection
EndGlobal
