
Microsoft Visual Studio Solution File, Format Version 12.00
# Visual Studio Version 17
VisualStudioVersion = 17.8.34212.112
MinimumVisualStudioVersion = 10.0.40219.1
Project("{FAE04EC0-301F-11D3-BF4B-00C04F79EFBC}") = "ıf else ikizkenar örnek2", "ıf else ikizkenar örnek2\ıf else ikizkenar örnek2.csproj", "{7E263645-83D8-4AB9-B3D9-02334D9F889D}"
EndProject
Global
	GlobalSection(SolutionConfigurationPlatforms) = preSolution
		Debug|Any CPU = Debug|Any CPU
		Release|Any CPU = Release|Any CPU
	EndGlobalSection
	GlobalSection(ProjectConfigurationPlatforms) = postSolution
		{7E263645-83D8-4AB9-B3D9-02334D9F889D}.Debug|Any CPU.ActiveCfg = Debug|Any CPU
		{7E263645-83D8-4AB9-B3D9-02334D9F889D}.Debug|Any CPU.Build.0 = Debug|Any CPU
		{7E263645-83D8-4AB9-B3D9-02334D9F889D}.Release|Any CPU.ActiveCfg = Release|Any CPU
		{7E263645-83D8-4AB9-B3D9-02334D9F889D}.Release|Any CPU.Build.0 = Release|Any CPU
	EndGlobalSection
	GlobalSection(SolutionProperties) = preSolution
		HideSolutionNode = FALSE
	EndGlobalSection
	GlobalSection(ExtensibilityGlobals) = postSolution
		SolutionGuid = {BD00D1D4-FEEB-49D7-8319-01E9F23D62A3}
	EndGlobalSection
EndGlobal
