
Microsoft Visual Studio Solution File, Format Version 12.00
# Visual Studio Version 17
VisualStudioVersion = 17.8.34212.112
MinimumVisualStudioVersion = 10.0.40219.1
Project("{FAE04EC0-301F-11D3-BF4B-00C04F79EFBC}") = "arrayındexof örneği", "arrayındexof örneği\arrayındexof örneği.csproj", "{EADA21F0-7845-4121-9147-B50943904FEC}"
EndProject
Global
	GlobalSection(SolutionConfigurationPlatforms) = preSolution
		Debug|Any CPU = Debug|Any CPU
		Release|Any CPU = Release|Any CPU
	EndGlobalSection
	GlobalSection(ProjectConfigurationPlatforms) = postSolution
		{EADA21F0-7845-4121-9147-B50943904FEC}.Debug|Any CPU.ActiveCfg = Debug|Any CPU
		{EADA21F0-7845-4121-9147-B50943904FEC}.Debug|Any CPU.Build.0 = Debug|Any CPU
		{EADA21F0-7845-4121-9147-B50943904FEC}.Release|Any CPU.ActiveCfg = Release|Any CPU
		{EADA21F0-7845-4121-9147-B50943904FEC}.Release|Any CPU.Build.0 = Release|Any CPU
	EndGlobalSection
	GlobalSection(SolutionProperties) = preSolution
		HideSolutionNode = FALSE
	EndGlobalSection
	GlobalSection(ExtensibilityGlobals) = postSolution
		SolutionGuid = {412F3FEF-C46F-4751-BA22-6046AF0F2593}
	EndGlobalSection
EndGlobal
